
Microsoft Visual Studio Solution File, Format Version 12.00
# Visual Studio 15
VisualStudioVersion = 15.0.26228.10
MinimumVisualStudioVersion = 10.0.40219.1
Project("{FAE04EC0-301F-11D3-BF4B-00C04F79EFBC}") = "LAB4", "LAB4\LAB4.csproj", "{35F5489C-A548-4BDD-8E24-5FB3FDF20DD8}"
EndProject
Global
	GlobalSection(SolutionConfigurationPlatforms) = preSolution
		Debug|Any CPU = Debug|Any CPU
		Release|Any CPU = Release|Any CPU
	EndGlobalSection
	GlobalSection(ProjectConfigurationPlatforms) = postSolution
		{35F5489C-A548-4BDD-8E24-5FB3FDF20DD8}.Debug|Any CPU.ActiveCfg = Debug|Any CPU
		{35F5489C-A548-4BDD-8E24-5FB3FDF20DD8}.Debug|Any CPU.Build.0 = Debug|Any CPU
		{35F5489C-A548-4BDD-8E24-5FB3FDF20DD8}.Release|Any CPU.ActiveCfg = Release|Any CPU
		{35F5489C-A548-4BDD-8E24-5FB3FDF20DD8}.Release|Any CPU.Build.0 = Release|Any CPU
	EndGlobalSection
	GlobalSection(SolutionProperties) = preSolution
		HideSolutionNode = FALSE
	EndGlobalSection
EndGlobal
